
Microsoft Visual Studio Solution File, Format Version 12.00
# Visual Studio 15
VisualStudioVersion = 15.0.27428.2037
MinimumVisualStudioVersion = 10.0.40219.1
Project("{FAE04EC0-301F-11D3-BF4B-00C04F79EFBC}") = "StrategyExample", "StrategyExample.csproj", "{905035DF-E9C4-4377-9BA1-640C34EF5F89}"
EndProject
Global
	GlobalSection(SolutionConfigurationPlatforms) = preSolution
		Debug|Any CPU = Debug|Any CPU
		Release|Any CPU = Release|Any CPU
	EndGlobalSection
	GlobalSection(ProjectConfigurationPlatforms) = postSolution
		{905035DF-E9C4-4377-9BA1-640C34EF5F89}.Debug|Any CPU.ActiveCfg = Debug|Any CPU
		{905035DF-E9C4-4377-9BA1-640C34EF5F89}.Debug|Any CPU.Build.0 = Debug|Any CPU
		{905035DF-E9C4-4377-9BA1-640C34EF5F89}.Release|Any CPU.ActiveCfg = Release|Any CPU
		{905035DF-E9C4-4377-9BA1-640C34EF5F89}.Release|Any CPU.Build.0 = Release|Any CPU
	EndGlobalSection
	GlobalSection(SolutionProperties) = preSolution
		HideSolutionNode = FALSE
	EndGlobalSection
	GlobalSection(ExtensibilityGlobals) = postSolution
		SolutionGuid = {A1E81F44-1793-4161-96BE-07D678ECE98E}
	EndGlobalSection
EndGlobal
